
Microsoft Visual Studio Solution File, Format Version 11.00
# Visual Studio 2010
Project("{F184B08F-C81C-45F6-A57F-5ABD9991F28F}") = "MCGuard", "MCGuard\MCGuard.vbproj", "{5A159277-B597-46AC-831B-76E5D326C103}"
EndProject
Global
	GlobalSection(SolutionConfigurationPlatforms) = preSolution
		Debug|Any CPU = Debug|Any CPU
		Release|Any CPU = Release|Any CPU
	EndGlobalSection
	GlobalSection(ProjectConfigurationPlatforms) = postSolution
		{5A159277-B597-46AC-831B-76E5D326C103}.Debug|Any CPU.ActiveCfg = Debug|Any CPU
		{5A159277-B597-46AC-831B-76E5D326C103}.Debug|Any CPU.Build.0 = Debug|Any CPU
		{5A159277-B597-46AC-831B-76E5D326C103}.Release|Any CPU.ActiveCfg = Release|Any CPU
		{5A159277-B597-46AC-831B-76E5D326C103}.Release|Any CPU.Build.0 = Release|Any CPU
	EndGlobalSection
	GlobalSection(SolutionProperties) = preSolution
		HideSolutionNode = FALSE
	EndGlobalSection
EndGlobal
