
Microsoft Visual Studio Solution File, Format Version 12.00
# Visual Studio 15
VisualStudioVersion = 15.0.28010.0
MinimumVisualStudioVersion = 10.0.40219.1
Project("{F184B08F-C81C-45F6-A57F-5ABD9991F28F}") = "BilibiliWideScreenFix", "BilibiliWideScreenFix\BilibiliWideScreenFix.vbproj", "{1FBD95A7-A847-4F24-9EB0-A59F007F593A}"
EndProject
Global
	GlobalSection(SolutionConfigurationPlatforms) = preSolution
		Debug|Any CPU = Debug|Any CPU
		Release|Any CPU = Release|Any CPU
	EndGlobalSection
	GlobalSection(ProjectConfigurationPlatforms) = postSolution
		{1FBD95A7-A847-4F24-9EB0-A59F007F593A}.Debug|Any CPU.ActiveCfg = Debug|Any CPU
		{1FBD95A7-A847-4F24-9EB0-A59F007F593A}.Debug|Any CPU.Build.0 = Debug|Any CPU
		{1FBD95A7-A847-4F24-9EB0-A59F007F593A}.Release|Any CPU.ActiveCfg = Release|Any CPU
		{1FBD95A7-A847-4F24-9EB0-A59F007F593A}.Release|Any CPU.Build.0 = Release|Any CPU
	EndGlobalSection
	GlobalSection(SolutionProperties) = preSolution
		HideSolutionNode = FALSE
	EndGlobalSection
	GlobalSection(ExtensibilityGlobals) = postSolution
		SolutionGuid = {7CBD7B78-2DDA-42BD-AE13-A2E0719F5FF4}
	EndGlobalSection
EndGlobal
