
Microsoft Visual Studio Solution File, Format Version 12.00
# Visual Studio 15
VisualStudioVersion = 15.0.28010.0
MinimumVisualStudioVersion = 10.0.40219.1
Project("{2150E333-8FDC-42A3-9474-1A3956D46DE8}") = "Solution Items", "Solution Items", "{CDF3DBD2-6530-4607-8879-B0E0FBBE5B49}"
	ProjectSection(SolutionItems) = preProject
		BilibiliWideScreenFix.user.js = BilibiliWideScreenFix.user.js
	EndProjectSection
EndProject
Global
	GlobalSection(SolutionProperties) = preSolution
		HideSolutionNode = FALSE
	EndGlobalSection
	GlobalSection(ExtensibilityGlobals) = postSolution
		SolutionGuid = {BCA8EEAF-28AE-40C9-9F77-F06FFD9A4CE6}
	EndGlobalSection
EndGlobal
